Microsoft Visual Studio Solution File, Format Version 12.00
# Visual Studio Version 17
VisualStudioVersion = 17.5.2.0
MinimumVisualStudioVersion = 10.0.40219.1
Project("{FAE04EC0-301F-11D3-BF4B-00C04F79EFBC}") = "GuestBookApp", "GuestBookApp\GuestBookApp.csproj", "{968338D0-F4D4-5D60-211C-32FAC9AE05D5}"
EndProject
Global
	GlobalSection(SolutionConfigurationPlatforms) = preSolution
		Debug|Any CPU = Debug|Any CPU
		Release|Any CPU = Release|Any CPU
	EndGlobalSection
	GlobalSection(ProjectConfigurationPlatforms) = postSolution
		{968338D0-F4D4-5D60-211C-32FAC9AE05D5}.Debug|Any CPU.ActiveCfg = Debug|Any CPU
		{968338D0-F4D4-5D60-211C-32FAC9AE05D5}.Debug|Any CPU.Build.0 = Debug|Any CPU
		{968338D0-F4D4-5D60-211C-32FAC9AE05D5}.Release|Any CPU.ActiveCfg = Release|Any CPU
		{968338D0-F4D4-5D60-211C-32FAC9AE05D5}.Release|Any CPU.Build.0 = Release|Any CPU
	EndGlobalSection
	GlobalSection(SolutionProperties) = preSolution
		HideSolutionNode = FALSE
	EndGlobalSection
	GlobalSection(ExtensibilityGlobals) = postSolution
		SolutionGuid = {2D326240-30C8-4E0E-ABCF-C2DA32C6243B}
	EndGlobalSection
EndGlobal
